// !$*UTF8*$!
{
	archiveVersion = 1;
	classes = {
	};
	objectVersion = 52;
	objects = {

/* Begin PBXBuildFile section */
		1388826425BB39BF00451AC3 /* SwiftUI_MVVM_CombineApp.swift in Sources */ = {isa = PBXBuildFile; fileRef = 1388826325BB39BF00451AC3 /* SwiftUI_MVVM_CombineApp.swift */; };
		1388826825BB39C000451AC3 /* Assets.xcassets in Resources */ = {isa = PBXBuildFile; fileRef = 1388826725BB39C000451AC3 /* Assets.xcassets */; };
		1388826B25BB39C000451AC3 /* Preview Assets.xcassets in Resources */ = {isa = PBXBuildFile; fileRef = 1388826A25BB39C000451AC3 /* Preview Assets.xcassets */; };
		1388827E25BB3A7500451AC3 /* HomeView.swift in Sources */ = {isa = PBXBuildFile; fileRef = 1388827D25BB3A7500451AC3 /* HomeView.swift */; };
		1388828525BB48FE00451AC3 /* Service.swift in Sources */ = {isa = PBXBuildFile; fileRef = 1388828425BB48FE00451AC3 /* Service.swift */; };
		1388829025BB4BFE00451AC3 /* Constant.swift in Sources */ = {isa = PBXBuildFile; fileRef = 1388828F25BB4BFE00451AC3 /* Constant.swift */; };
		1388829425BB4C0F00451AC3 /* Api.swift in Sources */ = {isa = PBXBuildFile; fileRef = 1388829325BB4C0F00451AC3 /* Api.swift */; };
		1388829925BB676A00451AC3 /* Restaurants.swift in Sources */ = {isa = PBXBuildFile; fileRef = 1388829825BB676A00451AC3 /* Restaurants.swift */; };
		1388829C25BB6B6000451AC3 /* HomeViewModel.swift in Sources */ = {isa = PBXBuildFile; fileRef = 1388829B25BB6B6000451AC3 /* HomeViewModel.swift */; };
		138882A325BC175500451AC3 /* RestaurantCardView.swift in Sources */ = {isa = PBXBuildFile; fileRef = 138882A225BC175500451AC3 /* RestaurantCardView.swift */; };
		138882AE25BC3A1B00451AC3 /* Kingfisher in Frameworks */ = {isa = PBXBuildFile; productRef = 138882AD25BC3A1B00451AC3 /* Kingfisher */; };
		138882C325BC4BCA00451AC3 /* DetailView.swift in Sources */ = {isa = PBXBuildFile; fileRef = 138882C225BC4BC900451AC3 /* DetailView.swift */; };
		138882C625BC4BD500451AC3 /* DetailViewModel.swift in Sources */ = {isa = PBXBuildFile; fileRef = 138882C525BC4BD500451AC3 /* DetailViewModel.swift */; };
		138882D025BCBB4E00451AC3 /* RestaurantDetailRow.swift in Sources */ = {isa = PBXBuildFile; fileRef = 138882CF25BCBB4E00451AC3 /* RestaurantDetailRow.swift */; };
		138882D425BD5E4A00451AC3 /* RetaurantDetailsView.swift in Sources */ = {isa = PBXBuildFile; fileRef = 138882D325BD5E4A00451AC3 /* RetaurantDetailsView.swift */; };
/* End PBXBuildFile section */

/* Begin PBXFileReference section */
		1388826025BB39BF00451AC3 /* SwiftUI-MVVM-Combine.app */ = {isa = PBXFileReference; explicitFileType = wrapper.application; includeInIndex = 0; path = "SwiftUI-MVVM-Combine.app"; sourceTree = BUILT_PRODUCTS_DIR; };
		1388826325BB39BF00451AC3 /* SwiftUI_MVVM_CombineApp.swift */ = {isa = PBXFileReference; lastKnownFileType = sourcecode.swift; path = SwiftUI_MVVM_CombineApp.swift; sourceTree = "<group>"; };
		1388826725BB39C000451AC3 /* Assets.xcassets */ = {isa = PBXFileReference; lastKnownFileType = folder.assetcatalog; path = Assets.xcassets; sourceTree = "<group>"; };
		1388826A25BB39C000451AC3 /* Preview Assets.xcassets */ = {isa = PBXFileReference; lastKnownFileType = folder.assetcatalog; path = "Preview Assets.xcassets"; sourceTree = "<group>"; };
		1388826C25BB39C000451AC3 /* Info.plist */ = {isa = PBXFileReference; lastKnownFileType = text.plist.xml; path = Info.plist; sourceTree = "<group>"; };
		1388827D25BB3A7500451AC3 /* HomeView.swift */ = {isa = PBXFileReference; lastKnownFileType = sourcecode.swift; path = HomeView.swift; sourceTree = "<group>"; };
		1388828425BB48FE00451AC3 /* Service.swift */ = {isa = PBXFileReference; lastKnownFileType = sourcecode.swift; path = Service.swift; sourceTree = "<group>"; };
		1388828F25BB4BFE00451AC3 /* Constant.swift */ = {isa = PBXFileReference; lastKnownFileType = sourcecode.swift; path = Constant.swift; sourceTree = "<group>"; };
		1388829325BB4C0F00451AC3 /* Api.swift */ = {isa = PBXFileReference; lastKnownFileType = sourcecode.swift; path = Api.swift; sourceTree = "<group>"; };
		1388829825BB676A00451AC3 /* Restaurants.swift */ = {isa = PBXFileReference; lastKnownFileType = sourcecode.swift; path = Restaurants.swift; sourceTree = "<group>"; };
		1388829B25BB6B6000451AC3 /* HomeViewModel.swift */ = {isa = PBXFileReference; lastKnownFileType = sourcecode.swift; path = HomeViewModel.swift; sourceTree = "<group>"; };
		138882A225BC175500451AC3 /* RestaurantCardView.swift */ = {isa = PBXFileReference; lastKnownFileType = sourcecode.swift; path = RestaurantCardView.swift; sourceTree = "<group>"; };
		138882C225BC4BC900451AC3 /* DetailView.swift */ = {isa = PBXFileReference; lastKnownFileType = sourcecode.swift; path = DetailView.swift; sourceTree = "<group>"; };
		138882C525BC4BD500451AC3 /* DetailViewModel.swift */ = {isa = PBXFileReference; lastKnownFileType = sourcecode.swift; path = DetailViewModel.swift; sourceTree = "<group>"; };
		138882CF25BCBB4E00451AC3 /* RestaurantDetailRow.swift */ = {isa = PBXFileReference; lastKnownFileType = sourcecode.swift; path = RestaurantDetailRow.swift; sourceTree = "<group>"; };
		138882D325BD5E4A00451AC3 /* RetaurantDetailsView.swift */ = {isa = PBXFileReference; lastKnownFileType = sourcecode.swift; path = RetaurantDetailsView.swift; sourceTree = "<group>"; };
		55D4FB8E8C05253A21D57E6E /* Pods_SwiftUI_MVVM_Combine.framework */ = {isa = PBXFileReference; explicitFileType = wrapper.framework; includeInIndex = 0; path = Pods_SwiftUI_MVVM_Combine.framework; sourceTree = BUILT_PRODUCTS_DIR; };
/* End PBXFileReference section */

/* Begin PBXFrameworksBuildPhase section */
		1388825D25BB39BF00451AC3 /* Frameworks */ = {
			isa = PBXFrameworksBuildPhase;
			buildActionMask = 2147483647;
			files = (
				138882AE25BC3A1B00451AC3 /* Kingfisher in Frameworks */,
			);
			runOnlyForDeploymentPostprocessing = 0;
		};
/* End PBXFrameworksBuildPhase section */

/* Begin PBXGroup section */
		1388825725BB39BF00451AC3 = {
			isa = PBXGroup;
			children = (
				1388826225BB39BF00451AC3 /* SwiftUI-MVVM-Combine */,
				1388826125BB39BF00451AC3 /* Products */,
				670ABD73C5FE701C57465ACB /* Frameworks */,
			);
			sourceTree = "<group>";
		};
		1388826125BB39BF00451AC3 /* Products */ = {
			isa = PBXGroup;
			children = (
				1388826025BB39BF00451AC3 /* SwiftUI-MVVM-Combine.app */,
			);
			name = Products;
			sourceTree = "<group>";
		};
		1388826225BB39BF00451AC3 /* SwiftUI-MVVM-Combine */ = {
			isa = PBXGroup;
			children = (
				1388828325BB48F000451AC3 /* Networking */,
				1388827625BB39FD00451AC3 /* App */,
				1388827325BB39CC00451AC3 /* Model */,
				1388826925BB39C000451AC3 /* Preview Content */,
				1388827525BB39F800451AC3 /* Resources */,
				1388827425BB39D500451AC3 /* UI */,
				1388827725BB3A0400451AC3 /* Utils */,
			);
			path = "SwiftUI-MVVM-Combine";
			sourceTree = "<group>";
		};
		1388826925BB39C000451AC3 /* Preview Content */ = {
			isa = PBXGroup;
			children = (
				1388826A25BB39C000451AC3 /* Preview Assets.xcassets */,
			);
			path = "Preview Content";
			sourceTree = "<group>";
		};
		1388827325BB39CC00451AC3 /* Model */ = {
			isa = PBXGroup;
			children = (
				138882CF25BCBB4E00451AC3 /* RestaurantDetailRow.swift */,
				1388829825BB676A00451AC3 /* Restaurants.swift */,
			);
			path = Model;
			sourceTree = "<group>";
		};
		1388827425BB39D500451AC3 /* UI */ = {
			isa = PBXGroup;
			children = (
				1388828025BB3A8700451AC3 /* Detail */,
				1388827B25BB3A5000451AC3 /* Home */,
				1388827C25BB3A5600451AC3 /* Reusable Views */,
			);
			path = UI;
			sourceTree = "<group>";
		};
		1388827525BB39F800451AC3 /* Resources */ = {
			isa = PBXGroup;
			children = (
				1388826725BB39C000451AC3 /* Assets.xcassets */,
			);
			path = Resources;
			sourceTree = "<group>";
		};
		1388827625BB39FD00451AC3 /* App */ = {
			isa = PBXGroup;
			children = (
				1388826325BB39BF00451AC3 /* SwiftUI_MVVM_CombineApp.swift */,
				1388826C25BB39C000451AC3 /* Info.plist */,
			);
			path = App;
			sourceTree = "<group>";
		};
		1388827725BB3A0400451AC3 /* Utils */ = {
			isa = PBXGroup;
			children = (
				1388828E25BB4BF500451AC3 /* Constants */,
			);
			path = Utils;
			sourceTree = "<group>";
		};
		1388827B25BB3A5000451AC3 /* Home */ = {
			isa = PBXGroup;
			children = (
				1388827D25BB3A7500451AC3 /* HomeView.swift */,
				1388829B25BB6B6000451AC3 /* HomeViewModel.swift */,
			);
			path = Home;
			sourceTree = "<group>";
		};
		1388827C25BB3A5600451AC3 /* Reusable Views */ = {
			isa = PBXGroup;
			children = (
				138882A225BC175500451AC3 /* RestaurantCardView.swift */,
				138882D325BD5E4A00451AC3 /* RetaurantDetailsView.swift */,
			);
			path = "Reusable Views";
			sourceTree = "<group>";
		};
		1388828025BB3A8700451AC3 /* Detail */ = {
			isa = PBXGroup;
			children = (
				138882C225BC4BC900451AC3 /* DetailView.swift */,
				138882C525BC4BD500451AC3 /* DetailViewModel.swift */,
			);
			path = Detail;
			sourceTree = "<group>";
		};
		1388828325BB48F000451AC3 /* Networking */ = {
			isa = PBXGroup;
			children = (
				1388828425BB48FE00451AC3 /* Service.swift */,
			);
			path = Networking;
			sourceTree = "<group>";
		};
		1388828E25BB4BF500451AC3 /* Constants */ = {
			isa = PBXGroup;
			children = (
				1388829325BB4C0F00451AC3 /* Api.swift */,
				1388828F25BB4BFE00451AC3 /* Constant.swift */,
			);
			path = Constants;
			sourceTree = "<group>";
		};
		670ABD73C5FE701C57465ACB /* Frameworks */ = {
			isa = PBXGroup;
			children = (
				55D4FB8E8C05253A21D57E6E /* Pods_SwiftUI_MVVM_Combine.framework */,
			);
			name = Frameworks;
			sourceTree = "<group>";
		};
/* End PBXGroup section */

/* Begin PBXNativeTarget section */
		1388825F25BB39BF00451AC3 /* SwiftUI-MVVM-Combine */ = {
			isa = PBXNativeTarget;
			buildConfigurationList = 1388826F25BB39C000451AC3 /* Build configuration list for PBXNativeTarget "SwiftUI-MVVM-Combine" */;
			buildPhases = (
				7962E161723B7F9D8970FBB7 /* [CP] Check Pods Manifest.lock */,
				1388825C25BB39BF00451AC3 /* Sources */,
				1388825D25BB39BF00451AC3 /* Frameworks */,
				1388825E25BB39BF00451AC3 /* Resources */,
			);
			buildRules = (
			);
			dependencies = (
			);
			name = "SwiftUI-MVVM-Combine";
			packageProductDependencies = (
				138882AD25BC3A1B00451AC3 /* Kingfisher */,
			);
			productName = "SwiftUI-MVVM-Combine";
			productReference = 1388826025BB39BF00451AC3 /* SwiftUI-MVVM-Combine.app */;
			productType = "com.apple.product-type.application";
		};
/* End PBXNativeTarget section */

/* Begin PBXProject section */
		1388825825BB39BF00451AC3 /* Project object */ = {
			isa = PBXProject;
			attributes = {
				LastSwiftUpdateCheck = 1220;
				LastUpgradeCheck = 1220;
				TargetAttributes = {
					1388825F25BB39BF00451AC3 = {
						CreatedOnToolsVersion = 12.2;
					};
				};
			};
			buildConfigurationList = 1388825B25BB39BF00451AC3 /* Build configuration list for PBXProject "SwiftUI-MVVM-Combine" */;
			compatibilityVersion = "Xcode 9.3";
			developmentRegion = en;
			hasScannedForEncodings = 0;
			knownRegions = (
				en,
				Base,
			);
			mainGroup = 1388825725BB39BF00451AC3;
			packageReferences = (
				138882AC25BC3A1B00451AC3 /* XCRemoteSwiftPackageReference "Kingfisher" */,
			);
			productRefGroup = 1388826125BB39BF00451AC3 /* Products */;
			projectDirPath = "";
			projectRoot = "";
			targets = (
				1388825F25BB39BF00451AC3 /* SwiftUI-MVVM-Combine */,
			);
		};
/* End PBXProject section */

/* Begin PBXResourcesBuildPhase section */
		1388825E25BB39BF00451AC3 /* Resources */ = {
			isa = PBXResourcesBuildPhase;
			buildActionMask = 2147483647;
			files = (
				1388826B25BB39C000451AC3 /* Preview Assets.xcassets in Resources */,
				1388826825BB39C000451AC3 /* Assets.xcassets in Resources */,
			);
			runOnlyForDeploymentPostprocessing = 0;
		};
/* End PBXResourcesBuildPhase section */

/* Begin PBXShellScriptBuildPhase section */
		7962E161723B7F9D8970FBB7 /* [CP] Check Pods Manifest.lock */ = {
			isa = PBXShellScriptBuildPhase;
			buildActionMask = 12;
			files = (
			);
			inputFileListPaths = (
			);
			inputPaths = (
			);
			name = "[CP] Check Pods Manifest.lock";
			outputFileListPaths = (
			);
			outputPaths = (
			);
			runOnlyForDeploymentPostprocessing = 0;
			shellPath = /bin/sh;
			shellScript = "
";
			showEnvVarsInLog = 0;
		};
/* End PBXShellScriptBuildPhase section */

/* Begin PBXSourcesBuildPhase section */
		1388825C25BB39BF00451AC3 /* Sources */ = {
			isa = PBXSourcesBuildPhase;
			buildActionMask = 2147483647;
			files = (
				138882D025BCBB4E00451AC3 /* RestaurantDetailRow.swift in Sources */,
				1388826425BB39BF00451AC3 /* SwiftUI_MVVM_CombineApp.swift in Sources */,
				138882C325BC4BCA00451AC3 /* DetailView.swift in Sources */,
				138882A325BC175500451AC3 /* RestaurantCardView.swift in Sources */,
				138882D425BD5E4A00451AC3 /* RetaurantDetailsView.swift in Sources */,
				138882C625BC4BD500451AC3 /* DetailViewModel.swift in Sources */,
				1388827E25BB3A7500451AC3 /* HomeView.swift in Sources */,
				1388829C25BB6B6000451AC3 /* HomeViewModel.swift in Sources */,
				1388828525BB48FE00451AC3 /* Service.swift in Sources */,
				1388829425BB4C0F00451AC3 /* Api.swift in Sources */,
				1388829925BB676A00451AC3 /* Restaurants.swift in Sources */,
				1388829025BB4BFE00451AC3 /* Constant.swift in Sources */,
			);
			runOnlyForDeploymentPostprocessing = 0;
		};
/* End PBXSourcesBuildPhase section */

/* Begin XCBuildConfiguration section */
		1388826D25BB39C000451AC3 /* Debug */ = {
			isa = XCBuildConfiguration;
			buildSettings = {
				ALWAYS_SEARCH_USER_PATHS = NO;
				CLANG_ANALYZER_NONNULL = YES;
				CLANG_ANALYZER_NUMBER_OBJECT_CONVERSION = YES_AGGRESSIVE;
				CLANG_CXX_LANGUAGE_STANDARD = "gnu++14";
				CLANG_CXX_LIBRARY = "libc++";
				CLANG_ENABLE_MODULES = YES;
				CLANG_ENABLE_OBJC_ARC = YES;
				CLANG_ENABLE_OBJC_WEAK = YES;
				CLANG_WARN_BLOCK_CAPTURE_AUTORELEASING = YES;
				CLANG_WARN_BOOL_CONVERSION = YES;
				CLANG_WARN_COMMA = YES;
				CLANG_WARN_CONSTANT_CONVERSION = YES;
				CLANG_WARN_DEPRECATED_OBJC_IMPLEMENTATIONS = YES;
				CLANG_WARN_DIRECT_OBJC_ISA_USAGE = YES_ERROR;
				CLANG_WARN_DOCUMENTATION_COMMENTS = YES;
				CLANG_WARN_EMPTY_BODY = YES;
				CLANG_WARN_ENUM_CONVERSION = YES;
				CLANG_WARN_INFINITE_RECURSION = YES;
				CLANG_WARN_INT_CONVERSION = YES;
				CLANG_WARN_NON_LITERAL_NULL_CONVERSION = YES;
				CLANG_WARN_OBJC_IMPLICIT_RETAIN_SELF = YES;
				CLANG_WARN_OBJC_LITERAL_CONVERSION = YES;
				CLANG_WARN_OBJC_ROOT_CLASS = YES_ERROR;
				CLANG_WARN_QUOTED_INCLUDE_IN_FRAMEWORK_HEADER = YES;
				CLANG_WARN_RANGE_LOOP_ANALYSIS = YES;
				CLANG_WARN_STRICT_PROTOTYPES = YES;
				CLANG_WARN_SUSPICIOUS_MOVE = YES;
				CLANG_WARN_UNGUARDED_AVAILABILITY = YES_AGGRESSIVE;
				CLANG_WARN_UNREACHABLE_CODE = YES;
				CLANG_WARN__DUPLICATE_METHOD_MATCH = YES;
				COPY_PHASE_STRIP = NO;
				DEBUG_INFORMATION_FORMAT = dwarf;
				ENABLE_STRICT_OBJC_MSGSEND = YES;
				ENABLE_TESTABILITY = YES;
				GCC_C_LANGUAGE_STANDARD = gnu11;
				GCC_DYNAMIC_NO_PIC = NO;
				GCC_NO_COMMON_BLOCKS = YES;
				GCC_OPTIMIZATION_LEVEL = 0;
				GCC_PREPROCESSOR_DEFINITIONS = (
					"DEBUG=1",
					"$(inherited)",
				);
				GCC_WARN_64_TO_32_BIT_CONVERSION = YES;
				GCC_WARN_ABOUT_RETURN_TYPE = YES_ERROR;
				GCC_WARN_UNDECLARED_SELECTOR = YES;
				GCC_WARN_UNINITIALIZED_AUTOS = YES_AGGRESSIVE;
				GCC_WARN_UNUSED_FUNCTION = YES;
				GCC_WARN_UNUSED_VARIABLE = YES;
				IPHONEOS_DEPLOYMENT_TARGET = 14.2;
				MTL_ENABLE_DEBUG_INFO = INCLUDE_SOURCE;
				MTL_FAST_MATH = YES;
				ONLY_ACTIVE_ARCH = YES;
				SDKROOT = iphoneos;
				SWIFT_ACTIVE_COMPILATION_CONDITIONS = DEBUG;
				SWIFT_OPTIMIZATION_LEVEL = "-Onone";
			};
			name = Debug;
		};
		1388826E25BB39C000451AC3 /* Release */ = {
			isa = XCBuildConfiguration;
			buildSettings = {
				ALWAYS_SEARCH_USER_PATHS = NO;
				CLANG_ANALYZER_NONNULL = YES;
				CLANG_ANALYZER_NUMBER_OBJECT_CONVERSION = YES_AGGRESSIVE;
				CLANG_CXX_LANGUAGE_STANDARD = "gnu++14";
				CLANG_CXX_LIBRARY = "libc++";
				CLANG_ENABLE_MODULES = YES;
				CLANG_ENABLE_OBJC_ARC = YES;
				CLANG_ENABLE_OBJC_WEAK = YES;
				CLANG_WARN_BLOCK_CAPTURE_AUTORELEASING = YES;
				CLANG_WARN_BOOL_CONVERSION = YES;
				CLANG_WARN_COMMA = YES;
				CLANG_WARN_CONSTANT_CONVERSION = YES;
				CLANG_WARN_DEPRECATED_OBJC_IMPLEMENTATIONS = YES;
				CLANG_WARN_DIRECT_OBJC_ISA_USAGE = YES_ERROR;
				CLANG_WARN_DOCUMENTATION_COMMENTS = YES;
				CLANG_WARN_EMPTY_BODY = YES;
				CLANG_WARN_ENUM_CONVERSION = YES;
				CLANG_WARN_INFINITE_RECURSION = YES;
				CLANG_WARN_INT_CONVERSION = YES;
				CLANG_WARN_NON_LITERAL_NULL_CONVERSION = YES;
				CLANG_WARN_OBJC_IMPLICIT_RETAIN_SELF = YES;
				CLANG_WARN_OBJC_LITERAL_CONVERSION = YES;
				CLANG_WARN_OBJC_ROOT_CLASS = YES_ERROR;
				CLANG_WARN_QUOTED_INCLUDE_IN_FRAMEWORK_HEADER = YES;
				CLANG_WARN_RANGE_LOOP_ANALYSIS = YES;
				CLANG_WARN_STRICT_PROTOTYPES = YES;
				CLANG_WARN_SUSPICIOUS_MOVE = YES;
				CLANG_WARN_UNGUARDED_AVAILABILITY = YES_AGGRESSIVE;
				CLANG_WARN_UNREACHABLE_CODE = YES;
				CLANG_WARN__DUPLICATE_METHOD_MATCH = YES;
				COPY_PHASE_STRIP = NO;
				DEBUG_INFORMATION_FORMAT = "dwarf-with-dsym";
				ENABLE_NS_ASSERTIONS = NO;
				ENABLE_STRICT_OBJC_MSGSEND = YES;
				GCC_C_LANGUAGE_STANDARD = gnu11;
				GCC_NO_COMMON_BLOCKS = YES;
				GCC_WARN_64_TO_32_BIT_CONVERSION = YES;
				GCC_WARN_ABOUT_RETURN_TYPE = YES_ERROR;
				GCC_WARN_UNDECLARED_SELECTOR = YES;
				GCC_WARN_UNINITIALIZED_AUTOS = YES_AGGRESSIVE;
				GCC_WARN_UNUSED_FUNCTION = YES;
				GCC_WARN_UNUSED_VARIABLE = YES;
				IPHONEOS_DEPLOYMENT_TARGET = 14.2;
				MTL_ENABLE_DEBUG_INFO = NO;
				MTL_FAST_MATH = YES;
				SDKROOT = iphoneos;
				SWIFT_COMPILATION_MODE = wholemodule;
				SWIFT_OPTIMIZATION_LEVEL = "-O";
				VALIDATE_PRODUCT = YES;
			};
			name = Release;
		};
		1388827025BB39C000451AC3 /* Debug */ = {
			isa = XCBuildConfiguration;
			buildSettings = {
				ASSETCATALOG_COMPILER_APPICON_NAME = AppIcon;
				ASSETCATALOG_COMPILER_GLOBAL_ACCENT_COLOR_NAME = AccentColor;
				CODE_SIGN_STYLE = Automatic;
				DEVELOPMENT_ASSET_PATHS = "\"SwiftUI-MVVM-Combine/Preview Content\"";
				DEVELOPMENT_TEAM = RMTY324S26;
				ENABLE_PREVIEWS = YES;
				INFOPLIST_FILE = "SwiftUI-MVVM-Combine/App/Info.plist";
				IPHONEOS_DEPLOYMENT_TARGET = 14.0;
				LD_RUNPATH_SEARCH_PATHS = (
					"$(inherited)",
					"@executable_path/Frameworks",
				);
				PRODUCT_BUNDLE_IDENTIFIER = "com.bugrayenidunya.SwiftUI-MVVM-Combine";
				PRODUCT_NAME = "$(TARGET_NAME)";
				SWIFT_VERSION = 5.0;
				TARGETED_DEVICE_FAMILY = "1,2";
			};
			name = Debug;
		};
		1388827125BB39C000451AC3 /* Release */ = {
			isa = XCBuildConfiguration;
			buildSettings = {
				ASSETCATALOG_COMPILER_APPICON_NAME = AppIcon;
				ASSETCATALOG_COMPILER_GLOBAL_ACCENT_COLOR_NAME = AccentColor;
				CODE_SIGN_STYLE = Automatic;
				DEVELOPMENT_ASSET_PATHS = "\"SwiftUI-MVVM-Combine/Preview Content\"";
				DEVELOPMENT_TEAM = RMTY324S26;
				ENABLE_PREVIEWS = YES;
				INFOPLIST_FILE = "SwiftUI-MVVM-Combine/App/Info.plist";
				IPHONEOS_DEPLOYMENT_TARGET = 14.0;
				LD_RUNPATH_SEARCH_PATHS = (
					"$(inherited)",
					"@executable_path/Frameworks",
				);
				PRODUCT_BUNDLE_IDENTIFIER = "com.bugrayenidunya.SwiftUI-MVVM-Combine";
				PRODUCT_NAME = "$(TARGET_NAME)";
				SWIFT_VERSION = 5.0;
				TARGETED_DEVICE_FAMILY = "1,2";
			};
			name = Release;
		};
/* End XCBuildConfiguration section */

/* Begin XCConfigurationList section */
		1388825B25BB39BF00451AC3 /* Build configuration list for PBXProject "SwiftUI-MVVM-Combine" */ = {
			isa = XCConfigurationList;
			buildConfigurations = (
				1388826D25BB39C000451AC3 /* Debug */,
				1388826E25BB39C000451AC3 /* Release */,
			);
			defaultConfigurationIsVisible = 0;
			defaultConfigurationName = Release;
		};
		1388826F25BB39C000451AC3 /* Build configuration list for PBXNativeTarget "SwiftUI-MVVM-Combine" */ = {
			isa = XCConfigurationList;
			buildConfigurations = (
				1388827025BB39C000451AC3 /* Debug */,
				1388827125BB39C000451AC3 /* Release */,
			);
			defaultConfigurationIsVisible = 0;
			defaultConfigurationName = Release;
		};
/* End XCConfigurationList section */

/* Begin XCRemoteSwiftPackageReference section */
		138882AC25BC3A1B00451AC3 /* XCRemoteSwiftPackageReference "Kingfisher" */ = {
			isa = XCRemoteSwiftPackageReference;
			repositoryURL = "https://github.com/onevcat/Kingfisher.git";
			requirement = {
				kind = upToNextMajorVersion;
				minimumVersion = 6.0.1;
			};
		};
/* End XCRemoteSwiftPackageReference section */

/* Begin XCSwiftPackageProductDependency section */
		138882AD25BC3A1B00451AC3 /* Kingfisher */ = {
			isa = XCSwiftPackageProductDependency;
			package = 138882AC25BC3A1B00451AC3 /* XCRemoteSwiftPackageReference "Kingfisher" */;
			productName = Kingfisher;
		};
/* End XCSwiftPackageProductDependency section */
	};
	rootObject = 1388825825BB39BF00451AC3 /* Project object */;
}
